// !$*UTF8*$!
{
	archiveVersion = 1;
	classes = {
	};
	objectVersion = 50;
	objects = {

/* Begin PBXBuildFile section */
		0D2256704ADA5C55C7217653 /* libPods-GeoLoggerExampleMacOS.a in Frameworks */ = {isa = PBXBuildFile; fileRef = 2A6059C06FF28505D67F7DF2 /* libPods-GeoLoggerExampleMacOS.a */; };
		A03E91C525FE1BD100C6DBB6 /* GeoLoggerExampleMacOSApp.swift in Sources */ = {isa = PBXBuildFile; fileRef = A03E91C425FE1BD100C6DBB6 /* GeoLoggerExampleMacOSApp.swift */; };
		A03E91C725FE1BD100C6DBB6 /* ContentView.swift in Sources */ = {isa = PBXBuildFile; fileRef = A03E91C625FE1BD100C6DBB6 /* ContentView.swift */; };
		A03E91C925FE1BD300C6DBB6 /* Assets.xcassets in Resources */ = {isa = PBXBuildFile; fileRef = A03E91C825FE1BD300C6DBB6 /* Assets.xcassets */; };
		A03E91CC25FE1BD300C6DBB6 /* Preview Assets.xcassets in Resources */ = {isa = PBXBuildFile; fileRef = A03E91CB25FE1BD300C6DBB6 /* Preview Assets.xcassets */; };
/* End PBXBuildFile section */

/* Begin PBXFileReference section */
		2A6059C06FF28505D67F7DF2 /* libPods-GeoLoggerExampleMacOS.a */ = {isa = PBXFileReference; explicitFileType = archive.ar; includeInIndex = 0; path = "libPods-GeoLoggerExampleMacOS.a"; sourceTree = BUILT_PRODUCTS_DIR; };
		A03E91C125FE1BD100C6DBB6 /* GeoLoggerExampleMacOS.app */ = {isa = PBXFileReference; explicitFileType = wrapper.application; includeInIndex = 0; path = GeoLoggerExampleMacOS.app; sourceTree = BUILT_PRODUCTS_DIR; };
		A03E91C425FE1BD100C6DBB6 /* GeoLoggerExampleMacOSApp.swift */ = {isa = PBXFileReference; lastKnownFileType = sourcecode.swift; path = GeoLoggerExampleMacOSApp.swift; sourceTree = "<group>"; };
		A03E91C625FE1BD100C6DBB6 /* ContentView.swift */ = {isa = PBXFileReference; lastKnownFileType = sourcecode.swift; path = ContentView.swift; sourceTree = "<group>"; };
		A03E91C825FE1BD300C6DBB6 /* Assets.xcassets */ = {isa = PBXFileReference; lastKnownFileType = folder.assetcatalog; path = Assets.xcassets; sourceTree = "<group>"; };
		A03E91CB25FE1BD300C6DBB6 /* Preview Assets.xcassets */ = {isa = PBXFileReference; lastKnownFileType = folder.assetcatalog; path = "Preview Assets.xcassets"; sourceTree = "<group>"; };
		A03E91CD25FE1BD300C6DBB6 /* Info.plist */ = {isa = PBXFileReference; lastKnownFileType = text.plist.xml; path = Info.plist; sourceTree = "<group>"; };
		A03E91CE25FE1BD300C6DBB6 /* GeoLoggerExampleMacOS.entitlements */ = {isa = PBXFileReference; lastKnownFileType = text.plist.entitlements; path = GeoLoggerExampleMacOS.entitlements; sourceTree = "<group>"; };
		AA2FB2946BEC5E50E5936961 /* Pods-GeoLoggerExampleMacOS.debug.xcconfig */ = {isa = PBXFileReference; includeInIndex = 1; lastKnownFileType = text.xcconfig; name = "Pods-GeoLoggerExampleMacOS.debug.xcconfig"; path = "Target Support Files/Pods-GeoLoggerExampleMacOS/Pods-GeoLoggerExampleMacOS.debug.xcconfig"; sourceTree = "<group>"; };
		F67D9B1300217305007AEF70 /* Pods-GeoLoggerExampleMacOS.release.xcconfig */ = {isa = PBXFileReference; includeInIndex = 1; lastKnownFileType = text.xcconfig; name = "Pods-GeoLoggerExampleMacOS.release.xcconfig"; path = "Target Support Files/Pods-GeoLoggerExampleMacOS/Pods-GeoLoggerExampleMacOS.release.xcconfig"; sourceTree = "<group>"; };
/* End PBXFileReference section */

/* Begin PBXFrameworksBuildPhase section */
		A03E91BE25FE1BD100C6DBB6 /* Frameworks */ = {
			isa = PBXFrameworksBuildPhase;
			buildActionMask = 2147483647;
			files = (
				0D2256704ADA5C55C7217653 /* libPods-GeoLoggerExampleMacOS.a in Frameworks */,
			);
			runOnlyForDeploymentPostprocessing = 0;
		};
/* End PBXFrameworksBuildPhase section */

/* Begin PBXGroup section */
		0C4AD2475FDAB0254F2A3331 /* Frameworks */ = {
			isa = PBXGroup;
			children = (
				2A6059C06FF28505D67F7DF2 /* libPods-GeoLoggerExampleMacOS.a */,
			);
			name = Frameworks;
			sourceTree = "<group>";
		};
		A03E91B825FE1BD100C6DBB6 = {
			isa = PBXGroup;
			children = (
				A03E91C325FE1BD100C6DBB6 /* GeoLoggerExampleMacOS */,
				A03E91C225FE1BD100C6DBB6 /* Products */,
				FCDC21E5490E331F5D601E2C /* Pods */,
				0C4AD2475FDAB0254F2A3331 /* Frameworks */,
			);
			sourceTree = "<group>";
		};
		A03E91C225FE1BD100C6DBB6 /* Products */ = {
			isa = PBXGroup;
			children = (
				A03E91C125FE1BD100C6DBB6 /* GeoLoggerExampleMacOS.app */,
			);
			name = Products;
			sourceTree = "<group>";
		};
		A03E91C325FE1BD100C6DBB6 /* GeoLoggerExampleMacOS */ = {
			isa = PBXGroup;
			children = (
				A03E91C425FE1BD100C6DBB6 /* GeoLoggerExampleMacOSApp.swift */,
				A03E91C625FE1BD100C6DBB6 /* ContentView.swift */,
				A03E91C825FE1BD300C6DBB6 /* Assets.xcassets */,
				A03E91CD25FE1BD300C6DBB6 /* Info.plist */,
				A03E91CE25FE1BD300C6DBB6 /* GeoLoggerExampleMacOS.entitlements */,
				A03E91CA25FE1BD300C6DBB6 /* Preview Content */,
			);
			path = GeoLoggerExampleMacOS;
			sourceTree = "<group>";
		};
		A03E91CA25FE1BD300C6DBB6 /* Preview Content */ = {
			isa = PBXGroup;
			children = (
				A03E91CB25FE1BD300C6DBB6 /* Preview Assets.xcassets */,
			);
			path = "Preview Content";
			sourceTree = "<group>";
		};
		FCDC21E5490E331F5D601E2C /* Pods */ = {
			isa = PBXGroup;
			children = (
				AA2FB2946BEC5E50E5936961 /* Pods-GeoLoggerExampleMacOS.debug.xcconfig */,
				F67D9B1300217305007AEF70 /* Pods-GeoLoggerExampleMacOS.release.xcconfig */,
			);
			path = Pods;
			sourceTree = "<group>";
		};
/* End PBXGroup section */

/* Begin PBXNativeTarget section */
		A03E91C025FE1BD100C6DBB6 /* GeoLoggerExampleMacOS */ = {
			isa = PBXNativeTarget;
			buildConfigurationList = A03E91E725FE1BD300C6DBB6 /* Build configuration list for PBXNativeTarget "GeoLoggerExampleMacOS" */;
			buildPhases = (
				1273723607AA209FB0358872 /* [CP] Check Pods Manifest.lock */,
				A03E91BD25FE1BD100C6DBB6 /* Sources */,
				A03E91BE25FE1BD100C6DBB6 /* Frameworks */,
				A03E91BF25FE1BD100C6DBB6 /* Resources */,
			);
			buildRules = (
			);
			dependencies = (
			);
			name = GeoLoggerExampleMacOS;
			productName = GeoLoggerExampleMacOS;
			productReference = A03E91C125FE1BD100C6DBB6 /* GeoLoggerExampleMacOS.app */;
			productType = "com.apple.product-type.application";
		};
/* End PBXNativeTarget section */

/* Begin PBXProject section */
		A03E91B925FE1BD100C6DBB6 /* Project object */ = {
			isa = PBXProject;
			attributes = {
				LastSwiftUpdateCheck = 1240;
				LastUpgradeCheck = 1240;
				TargetAttributes = {
					A03E91C025FE1BD100C6DBB6 = {
						CreatedOnToolsVersion = 12.4;
					};
				};
			};
			buildConfigurationList = A03E91BC25FE1BD100C6DBB6 /* Build configuration list for PBXProject "GeoLoggerExampleMacOS" */;
			compatibilityVersion = "Xcode 9.3";
			developmentRegion = en;
			hasScannedForEncodings = 0;
			knownRegions = (
				en,
				Base,
			);
			mainGroup = A03E91B825FE1BD100C6DBB6;
			productRefGroup = A03E91C225FE1BD100C6DBB6 /* Products */;
			projectDirPath = "";
			projectRoot = "";
			targets = (
				A03E91C025FE1BD100C6DBB6 /* GeoLoggerExampleMacOS */,
			);
		};
/* End PBXProject section */

/* Begin PBXResourcesBuildPhase section */
		A03E91BF25FE1BD100C6DBB6 /* Resources */ = {
			isa = PBXResourcesBuildPhase;
			buildActionMask = 2147483647;
			files = (
				A03E91CC25FE1BD300C6DBB6 /* Preview Assets.xcassets in Resources */,
				A03E91C925FE1BD300C6DBB6 /* Assets.xcassets in Resources */,
			);
			runOnlyForDeploymentPostprocessing = 0;
		};
/* End PBXResourcesBuildPhase section */

/* Begin PBXShellScriptBuildPhase section */
		1273723607AA209FB0358872 /* [CP] Check Pods Manifest.lock */ = {
			isa = PBXShellScriptBuildPhase;
			buildActionMask = 2147483647;
			files = (
			);
			inputFileListPaths = (
			);
			inputPaths = (
				"${PODS_PODFILE_DIR_PATH}/Podfile.lock",
				"${PODS_ROOT}/Manifest.lock",
			);
			name = "[CP] Check Pods Manifest.lock";
			outputFileListPaths = (
			);
			outputPaths = (
				"$(DERIVED_FILE_DIR)/Pods-GeoLoggerExampleMacOS-checkManifestLockResult.txt",
			);
			runOnlyForDeploymentPostprocessing = 0;
			shellPath = /bin/sh;
			shellScript = "diff \"${PODS_PODFILE_DIR_PATH}/Podfile.lock\" \"${PODS_ROOT}/Manifest.lock\" > /dev/null\nif [ $? != 0 ] ; then\n    # print error to STDERR\n    echo \"error: The sandbox is not in sync with the Podfile.lock. Run 'pod install' or update your CocoaPods installation.\" >&2\n    exit 1\nfi\n# This output is used by Xcode 'outputs' to avoid re-running this script phase.\necho \"SUCCESS\" > \"${SCRIPT_OUTPUT_FILE_0}\"\n";
			showEnvVarsInLog = 0;
		};
/* End PBXShellScriptBuildPhase section */

/* Begin PBXSourcesBuildPhase section */
		A03E91BD25FE1BD100C6DBB6 /* Sources */ = {
			isa = PBXSourcesBuildPhase;
			buildActionMask = 2147483647;
			files = (
				A03E91C725FE1BD100C6DBB6 /* ContentView.swift in Sources */,
				A03E91C525FE1BD100C6DBB6 /* GeoLoggerExampleMacOSApp.swift in Sources */,
			);
			runOnlyForDeploymentPostprocessing = 0;
		};
/* End PBXSourcesBuildPhase section */

/* Begin XCBuildConfiguration section */
		A03E91E525FE1BD300C6DBB6 /* Debug */ = {
			isa = XCBuildConfiguration;
			buildSettings = {
				ALWAYS_SEARCH_USER_PATHS = NO;
				CLANG_ANALYZER_NONNULL = YES;
				CLANG_ANALYZER_NUMBER_OBJECT_CONVERSION = YES_AGGRESSIVE;
				CLANG_CXX_LANGUAGE_STANDARD = "gnu++14";
				CLANG_CXX_LIBRARY = "libc++";
				CLANG_ENABLE_MODULES = YES;
				CLANG_ENABLE_OBJC_ARC = YES;
				CLANG_ENABLE_OBJC_WEAK = YES;
				CLANG_WARN_BLOCK_CAPTURE_AUTORELEASING = YES;
				CLANG_WARN_BOOL_CONVERSION = YES;
				CLANG_WARN_COMMA = YES;
				CLANG_WARN_CONSTANT_CONVERSION = YES;
				CLANG_WARN_DEPRECATED_OBJC_IMPLEMENTATIONS = YES;
				CLANG_WARN_DIRECT_OBJC_ISA_USAGE = YES_ERROR;
				CLANG_WARN_DOCUMENTATION_COMMENTS = YES;
				CLANG_WARN_EMPTY_BODY = YES;
				CLANG_WARN_ENUM_CONVERSION = YES;
				CLANG_WARN_INFINITE_RECURSION = YES;
				CLANG_WARN_INT_CONVERSION = YES;
				CLANG_WARN_NON_LITERAL_NULL_CONVERSION = YES;
				CLANG_WARN_OBJC_IMPLICIT_RETAIN_SELF = YES;
				CLANG_WARN_OBJC_LITERAL_CONVERSION = YES;
				CLANG_WARN_OBJC_ROOT_CLASS = YES_ERROR;
				CLANG_WARN_QUOTED_INCLUDE_IN_FRAMEWORK_HEADER = YES;
				CLANG_WARN_RANGE_LOOP_ANALYSIS = YES;
				CLANG_WARN_STRICT_PROTOTYPES = YES;
				CLANG_WARN_SUSPICIOUS_MOVE = YES;
				CLANG_WARN_UNGUARDED_AVAILABILITY = YES_AGGRESSIVE;
				CLANG_WARN_UNREACHABLE_CODE = YES;
				CLANG_WARN__DUPLICATE_METHOD_MATCH = YES;
				COPY_PHASE_STRIP = NO;
				DEBUG_INFORMATION_FORMAT = dwarf;
				ENABLE_STRICT_OBJC_MSGSEND = YES;
				ENABLE_TESTABILITY = YES;
				GCC_C_LANGUAGE_STANDARD = gnu11;
				GCC_DYNAMIC_NO_PIC = NO;
				GCC_NO_COMMON_BLOCKS = YES;
				GCC_OPTIMIZATION_LEVEL = 0;
				GCC_PREPROCESSOR_DEFINITIONS = (
					"DEBUG=1",
					"$(inherited)",
				);
				GCC_WARN_64_TO_32_BIT_CONVERSION = YES;
				GCC_WARN_ABOUT_RETURN_TYPE = YES_ERROR;
				GCC_WARN_UNDECLARED_SELECTOR = YES;
				GCC_WARN_UNINITIALIZED_AUTOS = YES_AGGRESSIVE;
				GCC_WARN_UNUSED_FUNCTION = YES;
				GCC_WARN_UNUSED_VARIABLE = YES;
				MACOSX_DEPLOYMENT_TARGET = 11.1;
				MTL_ENABLE_DEBUG_INFO = INCLUDE_SOURCE;
				MTL_FAST_MATH = YES;
				ONLY_ACTIVE_ARCH = YES;
				SDKROOT = macosx;
				SWIFT_ACTIVE_COMPILATION_CONDITIONS = DEBUG;
				SWIFT_OPTIMIZATION_LEVEL = "-Onone";
			};
			name = Debug;
		};
		A03E91E625FE1BD300C6DBB6 /* Release */ = {
			isa = XCBuildConfiguration;
			buildSettings = {
				ALWAYS_SEARCH_USER_PATHS = NO;
				CLANG_ANALYZER_NONNULL = YES;
				CLANG_ANALYZER_NUMBER_OBJECT_CONVERSION = YES_AGGRESSIVE;
				CLANG_CXX_LANGUAGE_STANDARD = "gnu++14";
				CLANG_CXX_LIBRARY = "libc++";
				CLANG_ENABLE_MODULES = YES;
				CLANG_ENABLE_OBJC_ARC = YES;
				CLANG_ENABLE_OBJC_WEAK = YES;
				CLANG_WARN_BLOCK_CAPTURE_AUTORELEASING = YES;
				CLANG_WARN_BOOL_CONVERSION = YES;
				CLANG_WARN_COMMA = YES;
				CLANG_WARN_CONSTANT_CONVERSION = YES;
				CLANG_WARN_DEPRECATED_OBJC_IMPLEMENTATIONS = YES;
				CLANG_WARN_DIRECT_OBJC_ISA_USAGE = YES_ERROR;
				CLANG_WARN_DOCUMENTATION_COMMENTS = YES;
				CLANG_WARN_EMPTY_BODY = YES;
				CLANG_WARN_ENUM_CONVERSION = YES;
				CLANG_WARN_INFINITE_RECURSION = YES;
				CLANG_WARN_INT_CONVERSION = YES;
				CLANG_WARN_NON_LITERAL_NULL_CONVERSION = YES;
				CLANG_WARN_OBJC_IMPLICIT_RETAIN_SELF = YES;
				CLANG_WARN_OBJC_LITERAL_CONVERSION = YES;
				CLANG_WARN_OBJC_ROOT_CLASS = YES_ERROR;
				CLANG_WARN_QUOTED_INCLUDE_IN_FRAMEWORK_HEADER = YES;
				CLANG_WARN_RANGE_LOOP_ANALYSIS = YES;
				CLANG_WARN_STRICT_PROTOTYPES = YES;
				CLANG_WARN_SUSPICIOUS_MOVE = YES;
				CLANG_WARN_UNGUARDED_AVAILABILITY = YES_AGGRESSIVE;
				CLANG_WARN_UNREACHABLE_CODE = YES;
				CLANG_WARN__DUPLICATE_METHOD_MATCH = YES;
				COPY_PHASE_STRIP = NO;
				DEBUG_INFORMATION_FORMAT = "dwarf-with-dsym";
				ENABLE_NS_ASSERTIONS = NO;
				ENABLE_STRICT_OBJC_MSGSEND = YES;
				GCC_C_LANGUAGE_STANDARD = gnu11;
				GCC_NO_COMMON_BLOCKS = YES;
				GCC_WARN_64_TO_32_BIT_CONVERSION = YES;
				GCC_WARN_ABOUT_RETURN_TYPE = YES_ERROR;
				GCC_WARN_UNDECLARED_SELECTOR = YES;
				GCC_WARN_UNINITIALIZED_AUTOS = YES_AGGRESSIVE;
				GCC_WARN_UNUSED_FUNCTION = YES;
				GCC_WARN_UNUSED_VARIABLE = YES;
				MACOSX_DEPLOYMENT_TARGET = 11.1;
				MTL_ENABLE_DEBUG_INFO = NO;
				MTL_FAST_MATH = YES;
				SDKROOT = macosx;
				SWIFT_COMPILATION_MODE = wholemodule;
				SWIFT_OPTIMIZATION_LEVEL = "-O";
			};
			name = Release;
		};
		A03E91E825FE1BD300C6DBB6 /* Debug */ = {
			isa = XCBuildConfiguration;
			baseConfigurationReference = AA2FB2946BEC5E50E5936961 /* Pods-GeoLoggerExampleMacOS.debug.xcconfig */;
			buildSettings = {
				ASSETCATALOG_COMPILER_APPICON_NAME = AppIcon;
				ASSETCATALOG_COMPILER_GLOBAL_ACCENT_COLOR_NAME = AccentColor;
				CODE_SIGN_ENTITLEMENTS = GeoLoggerExampleMacOS/GeoLoggerExampleMacOS.entitlements;
				CODE_SIGN_STYLE = Automatic;
				COMBINE_HIDPI_IMAGES = YES;
				DEVELOPMENT_ASSET_PATHS = "\"GeoLoggerExampleMacOS/Preview Content\"";
				DEVELOPMENT_TEAM = 374568862U;
				ENABLE_HARDENED_RUNTIME = YES;
				ENABLE_PREVIEWS = YES;
				INFOPLIST_FILE = GeoLoggerExampleMacOS/Info.plist;
				LD_RUNPATH_SEARCH_PATHS = (
					"$(inherited)",
					"@executable_path/../Frameworks",
				);
				MACOSX_DEPLOYMENT_TARGET = 11.0;
				PRODUCT_BUNDLE_IDENTIFIER = com.log.GeoLoggerExampleMacOS;
				PRODUCT_NAME = "$(TARGET_NAME)";
				SWIFT_VERSION = 5.0;
			};
			name = Debug;
		};
		A03E91E925FE1BD300C6DBB6 /* Release */ = {
			isa = XCBuildConfiguration;
			baseConfigurationReference = F67D9B1300217305007AEF70 /* Pods-GeoLoggerExampleMacOS.release.xcconfig */;
			buildSettings = {
				ASSETCATALOG_COMPILER_APPICON_NAME = AppIcon;
				ASSETCATALOG_COMPILER_GLOBAL_ACCENT_COLOR_NAME = AccentColor;
				CODE_SIGN_ENTITLEMENTS = GeoLoggerExampleMacOS/GeoLoggerExampleMacOS.entitlements;
				CODE_SIGN_STYLE = Automatic;
				COMBINE_HIDPI_IMAGES = YES;
				DEVELOPMENT_ASSET_PATHS = "\"GeoLoggerExampleMacOS/Preview Content\"";
				DEVELOPMENT_TEAM = 374568862U;
				ENABLE_HARDENED_RUNTIME = YES;
				ENABLE_PREVIEWS = YES;
				INFOPLIST_FILE = GeoLoggerExampleMacOS/Info.plist;
				LD_RUNPATH_SEARCH_PATHS = (
					"$(inherited)",
					"@executable_path/../Frameworks",
				);
				MACOSX_DEPLOYMENT_TARGET = 11.0;
				PRODUCT_BUNDLE_IDENTIFIER = com.log.GeoLoggerExampleMacOS;
				PRODUCT_NAME = "$(TARGET_NAME)";
				SWIFT_VERSION = 5.0;
			};
			name = Release;
		};
/* End XCBuildConfiguration section */

/* Begin XCConfigurationList section */
		A03E91BC25FE1BD100C6DBB6 /* Build configuration list for PBXProject "GeoLoggerExampleMacOS" */ = {
			isa = XCConfigurationList;
			buildConfigurations = (
				A03E91E525FE1BD300C6DBB6 /* Debug */,
				A03E91E625FE1BD300C6DBB6 /* Release */,
			);
			defaultConfigurationIsVisible = 0;
			defaultConfigurationName = Release;
		};
		A03E91E725FE1BD300C6DBB6 /* Build configuration list for PBXNativeTarget "GeoLoggerExampleMacOS" */ = {
			isa = XCConfigurationList;
			buildConfigurations = (
				A03E91E825FE1BD300C6DBB6 /* Debug */,
				A03E91E925FE1BD300C6DBB6 /* Release */,
			);
			defaultConfigurationIsVisible = 0;
			defaultConfigurationName = Release;
		};
/* End XCConfigurationList section */
	};
	rootObject = A03E91B925FE1BD100C6DBB6 /* Project object */;
}
